
Microsoft Visual Studio Solution File, Format Version 11.00
# Visual Studio 2010
Project("{8BC9CEB8-8B4A-11D0-8D11-00A0C91BC942}") = "Sapper", "Sapper\Sapper.vcxproj", "{10228F07-3EF9-47E5-A25E-3D932309AABD}"
EndProject
Global
	GlobalSection(SolutionConfigurationPlatforms) = preSolution
		Debug|Win32 = Debug|Win32
		Release|Win32 = Release|Win32
	EndGlobalSection
	GlobalSection(ProjectConfigurationPlatforms) = postSolution
		{10228F07-3EF9-47E5-A25E-3D932309AABD}.Debug|Win32.ActiveCfg = Debug|Win32
		{10228F07-3EF9-47E5-A25E-3D932309AABD}.Debug|Win32.Build.0 = Debug|Win32
		{10228F07-3EF9-47E5-A25E-3D932309AABD}.Release|Win32.ActiveCfg = Release|Win32
		{10228F07-3EF9-47E5-A25E-3D932309AABD}.Release|Win32.Build.0 = Release|Win32
	EndGlobalSection
	GlobalSection(SolutionProperties) = preSolution
		HideSolutionNode = FALSE
	EndGlobalSection
EndGlobal
